
Microsoft Visual Studio Solution File, Format Version 12.00
# Visual Studio Version 17
VisualStudioVersion = 17.0.32112.339
MinimumVisualStudioVersion = 10.0.40219.1
Project("{2150E333-8FDC-42A3-9474-1A3956D46DE8}") = "Solution Items", "Solution Items", "{5250CA28-EB3D-4DF8-8B5B-68D520CADDEE}"
	ProjectSection(SolutionItems) = preProject
		.gitignore = .gitignore
		Directory.Build.props = Directory.Build.props
		global.json = global.json
		README.md = README.md
	EndProjectSection
EndProject
Project("{2150E333-8FDC-42A3-9474-1A3956D46DE8}") = "src", "src", "{0D61C87C-0809-4CD7-9200-D78AD11A1E22}"
EndProject
Project("{2150E333-8FDC-42A3-9474-1A3956D46DE8}") = ".github", ".github", "{C88FCAB5-AE8A-44CD-9195-2B085A6CD560}"
	ProjectSection(SolutionItems) = preProject
		.github\dependabot.yml = .github\dependabot.yml
	EndProjectSection
EndProject
Project("{2150E333-8FDC-42A3-9474-1A3956D46DE8}") = "workflows", "workflows", "{E8050101-10D8-4B0E-B081-8A45BA2E4A61}"
	ProjectSection(SolutionItems) = preProject
		.github\workflows\.releaserc = .github\workflows\.releaserc
		.github\workflows\build.yml = .github\workflows\build.yml
		.github\workflows\release.yml = .github\workflows\release.yml
		.github\workflows\todo.yml = .github\workflows\todo.yml
	EndProjectSection
EndProject
Project("{2150E333-8FDC-42A3-9474-1A3956D46DE8}") = ".config", ".config", "{4AFE203E-00A4-4830-A994-D5526F680805}"
	ProjectSection(SolutionItems) = preProject
		.config\dotnet-tools.json = .config\dotnet-tools.json
	EndProjectSection
EndProject
Project("{2150E333-8FDC-42A3-9474-1A3956D46DE8}") = "tests", "tests", "{0343EA18-1645-4DFB-9A9C-2D10BBA2A2CB}"
EndProject
Project("{9A19103F-16F7-4668-BE54-9A1E7A4F7556}") = "EAVFW.Extensions.Manifest.ManifestEnricherTool", "src\EAVFW.Extensions.Manifest.ManifestEnricherTool\EAVFW.Extensions.Manifest.ManifestEnricherTool.csproj", "{C472564C-38FE-4465-BC62-FDCF45339C36}"
EndProject
Project("{9A19103F-16F7-4668-BE54-9A1E7A4F7556}") = "EAVFW.Extensions.Manifest.Tests", "tests\EAVFW.Extensions.Manifest.Tests\EAVFW.Extensions.Manifest.Tests.csproj", "{856357CE-BB26-4E6C-BAA2-B74FF8DC5734}"
EndProject
Project("{2150E333-8FDC-42A3-9474-1A3956D46DE8}") = "external", "external", "{CAE8FBC9-BDC3-4F45-81E1-57506D609011}"
EndProject
Project("{9A19103F-16F7-4668-BE54-9A1E7A4F7556}") = "EAVFW.Extensions.CommandLine", "external\EAVFW.Extensions.CommandLine\src\EAVFW.Extensions.CommandLine\EAVFW.Extensions.CommandLine.csproj", "{79505337-2855-4CC7-8FD3-D5AF31B18278}"
EndProject
Project("{9A19103F-16F7-4668-BE54-9A1E7A4F7556}") = "EAVFramework", "external\EAVFramework\src\EAVFramework.csproj", "{2F30C24A-421A-4309-9F07-99668EA70C25}"
EndProject
Project("{9A19103F-16F7-4668-BE54-9A1E7A4F7556}") = "EAVFW.Extensions.Manifest.SDK", "external\EAVFramework\sdk\EAVFW.Extensions.Manifest.SDK.csproj", "{3BEF0769-ABD1-4D34-8004-C98DE9FB0339}"
EndProject
Project("{9A19103F-16F7-4668-BE54-9A1E7A4F7556}") = "EAVFW.Extensions.Docs.Extractor", "src\EAVFW.Extensions.Docs.Extractor\EAVFW.Extensions.Docs.Extractor.csproj", "{28A8781C-D30A-4589-9D96-399ED8D2A6B4}"
EndProject
Project("{9A19103F-16F7-4668-BE54-9A1E7A4F7556}") = "EAVFW.Extensions.Docs.Generator", "src\EAVFW.Extensions.Docs.Generator\EAVFW.Extensions.Docs.Generator.csproj", "{D03D5862-7B6F-4E46-83E1-D24CF0038D1C}"
EndProject
Project("{9A19103F-16F7-4668-BE54-9A1E7A4F7556}") = "EAVFW.Extensions.Documents", "external\EAVFW.Extensions.Documents\src\EAVFW.Extensions.Documents\EAVFW.Extensions.Documents.csproj", "{E3752A2B-6130-4878-9675-60C391FDFEBE}"
EndProject
Project("{9A19103F-16F7-4668-BE54-9A1E7A4F7556}") = "EAVFW.Extensions.WorkflowEngine", "external\EAVFW.Extensions.WorkflowEngine\src\EAVFW.Extensions.WorkflowEngine\EAVFW.Extensions.WorkflowEngine.csproj", "{51ADCF4C-64A3-43D0-8D42-1D28826BF6DE}"
EndProject
Project("{9A19103F-16F7-4668-BE54-9A1E7A4F7556}") = "WorkflowEngine.Core", "external\WorkflowEngine\src\WorkflowEngine.Core\WorkflowEngine.Core.csproj", "{F2E3D287-227B-40AA-8CE0-469AC9173B41}"
EndProject
Project("{9A19103F-16F7-4668-BE54-9A1E7A4F7556}") = "WorkflowEngine.Hangfire", "external\WorkflowEngine\src\WorkflowEngine.Hangfire\WorkflowEngine.Hangfire.csproj", "{8BDF17C3-3F2C-406A-8ABB-0A54FBD7E8F7}"
EndProject
Project("{9A19103F-16F7-4668-BE54-9A1E7A4F7556}") = "EAVFW.Extensions.Configuration", "external\EAVFW.Extensions.Configuration\src\EAVFW.Extensions.Configuration\EAVFW.Extensions.Configuration.csproj", "{133582D7-87DA-497B-9E59-77DC92E60D5F}"
EndProject
Project("{FAE04EC0-301F-11D3-BF4B-00C04F79EFBC}") = "ExpressionEngine", "external\ExpressionEngine\ExpressionEngine\ExpressionEngine.csproj", "{14624DC8-2E21-4163-A238-12D01CA09843}"
EndProject
Global
	GlobalSection(SolutionConfigurationPlatforms) = preSolution
		Debug|Any CPU = Debug|Any CPU
		Release|Any CPU = Release|Any CPU
	EndGlobalSection
	GlobalSection(ProjectConfigurationPlatforms) = postSolution
		{C472564C-38FE-4465-BC62-FDCF45339C36}.Debug|Any CPU.ActiveCfg = Debug|Any CPU
		{C472564C-38FE-4465-BC62-FDCF45339C36}.Debug|Any CPU.Build.0 = Debug|Any CPU
		{C472564C-38FE-4465-BC62-FDCF45339C36}.Release|Any CPU.ActiveCfg = Release|Any CPU
		{C472564C-38FE-4465-BC62-FDCF45339C36}.Release|Any CPU.Build.0 = Release|Any CPU
		{856357CE-BB26-4E6C-BAA2-B74FF8DC5734}.Debug|Any CPU.ActiveCfg = Debug|Any CPU
		{856357CE-BB26-4E6C-BAA2-B74FF8DC5734}.Debug|Any CPU.Build.0 = Debug|Any CPU
		{856357CE-BB26-4E6C-BAA2-B74FF8DC5734}.Release|Any CPU.ActiveCfg = Release|Any CPU
		{856357CE-BB26-4E6C-BAA2-B74FF8DC5734}.Release|Any CPU.Build.0 = Release|Any CPU
		{79505337-2855-4CC7-8FD3-D5AF31B18278}.Debug|Any CPU.ActiveCfg = Debug|Any CPU
		{79505337-2855-4CC7-8FD3-D5AF31B18278}.Debug|Any CPU.Build.0 = Debug|Any CPU
		{79505337-2855-4CC7-8FD3-D5AF31B18278}.Release|Any CPU.ActiveCfg = Release|Any CPU
		{2F30C24A-421A-4309-9F07-99668EA70C25}.Debug|Any CPU.ActiveCfg = Debug|Any CPU
		{2F30C24A-421A-4309-9F07-99668EA70C25}.Debug|Any CPU.Build.0 = Debug|Any CPU
		{2F30C24A-421A-4309-9F07-99668EA70C25}.Release|Any CPU.ActiveCfg = Release|Any CPU
		{3BEF0769-ABD1-4D34-8004-C98DE9FB0339}.Debug|Any CPU.ActiveCfg = Debug|Any CPU
		{3BEF0769-ABD1-4D34-8004-C98DE9FB0339}.Debug|Any CPU.Build.0 = Debug|Any CPU
		{3BEF0769-ABD1-4D34-8004-C98DE9FB0339}.Release|Any CPU.ActiveCfg = Release|Any CPU
		{28A8781C-D30A-4589-9D96-399ED8D2A6B4}.Debug|Any CPU.ActiveCfg = Debug|Any CPU
		{28A8781C-D30A-4589-9D96-399ED8D2A6B4}.Debug|Any CPU.Build.0 = Debug|Any CPU
		{28A8781C-D30A-4589-9D96-399ED8D2A6B4}.Release|Any CPU.ActiveCfg = Release|Any CPU
		{28A8781C-D30A-4589-9D96-399ED8D2A6B4}.Release|Any CPU.Build.0 = Release|Any CPU
		{D03D5862-7B6F-4E46-83E1-D24CF0038D1C}.Debug|Any CPU.ActiveCfg = Debug|Any CPU
		{D03D5862-7B6F-4E46-83E1-D24CF0038D1C}.Debug|Any CPU.Build.0 = Debug|Any CPU
		{D03D5862-7B6F-4E46-83E1-D24CF0038D1C}.Release|Any CPU.ActiveCfg = Release|Any CPU
		{D03D5862-7B6F-4E46-83E1-D24CF0038D1C}.Release|Any CPU.Build.0 = Release|Any CPU
		{E3752A2B-6130-4878-9675-60C391FDFEBE}.Debug|Any CPU.ActiveCfg = Debug|Any CPU
		{E3752A2B-6130-4878-9675-60C391FDFEBE}.Debug|Any CPU.Build.0 = Debug|Any CPU
		{E3752A2B-6130-4878-9675-60C391FDFEBE}.Release|Any CPU.ActiveCfg = Release|Any CPU
		{51ADCF4C-64A3-43D0-8D42-1D28826BF6DE}.Debug|Any CPU.ActiveCfg = Debug|Any CPU
		{51ADCF4C-64A3-43D0-8D42-1D28826BF6DE}.Debug|Any CPU.Build.0 = Debug|Any CPU
		{51ADCF4C-64A3-43D0-8D42-1D28826BF6DE}.Release|Any CPU.ActiveCfg = Release|Any CPU
		{F2E3D287-227B-40AA-8CE0-469AC9173B41}.Debug|Any CPU.ActiveCfg = Debug|Any CPU
		{F2E3D287-227B-40AA-8CE0-469AC9173B41}.Debug|Any CPU.Build.0 = Debug|Any CPU
		{F2E3D287-227B-40AA-8CE0-469AC9173B41}.Release|Any CPU.ActiveCfg = Release|Any CPU
		{8BDF17C3-3F2C-406A-8ABB-0A54FBD7E8F7}.Debug|Any CPU.ActiveCfg = Debug|Any CPU
		{8BDF17C3-3F2C-406A-8ABB-0A54FBD7E8F7}.Debug|Any CPU.Build.0 = Debug|Any CPU
		{8BDF17C3-3F2C-406A-8ABB-0A54FBD7E8F7}.Release|Any CPU.ActiveCfg = Release|Any CPU
		{133582D7-87DA-497B-9E59-77DC92E60D5F}.Debug|Any CPU.ActiveCfg = Debug|Any CPU
		{133582D7-87DA-497B-9E59-77DC92E60D5F}.Debug|Any CPU.Build.0 = Debug|Any CPU
		{133582D7-87DA-497B-9E59-77DC92E60D5F}.Release|Any CPU.ActiveCfg = Release|Any CPU
		{14624DC8-2E21-4163-A238-12D01CA09843}.Debug|Any CPU.ActiveCfg = Debug|Any CPU
		{14624DC8-2E21-4163-A238-12D01CA09843}.Debug|Any CPU.Build.0 = Debug|Any CPU
		{14624DC8-2E21-4163-A238-12D01CA09843}.Release|Any CPU.ActiveCfg = Release|Any CPU
	EndGlobalSection
	GlobalSection(SolutionProperties) = preSolution
		HideSolutionNode = FALSE
	EndGlobalSection
	GlobalSection(NestedProjects) = preSolution
		{E8050101-10D8-4B0E-B081-8A45BA2E4A61} = {C88FCAB5-AE8A-44CD-9195-2B085A6CD560}
		{C472564C-38FE-4465-BC62-FDCF45339C36} = {0D61C87C-0809-4CD7-9200-D78AD11A1E22}
		{856357CE-BB26-4E6C-BAA2-B74FF8DC5734} = {0343EA18-1645-4DFB-9A9C-2D10BBA2A2CB}
		{79505337-2855-4CC7-8FD3-D5AF31B18278} = {CAE8FBC9-BDC3-4F45-81E1-57506D609011}
		{2F30C24A-421A-4309-9F07-99668EA70C25} = {CAE8FBC9-BDC3-4F45-81E1-57506D609011}
		{3BEF0769-ABD1-4D34-8004-C98DE9FB0339} = {CAE8FBC9-BDC3-4F45-81E1-57506D609011}
		{28A8781C-D30A-4589-9D96-399ED8D2A6B4} = {0D61C87C-0809-4CD7-9200-D78AD11A1E22}
		{D03D5862-7B6F-4E46-83E1-D24CF0038D1C} = {0D61C87C-0809-4CD7-9200-D78AD11A1E22}
		{E3752A2B-6130-4878-9675-60C391FDFEBE} = {CAE8FBC9-BDC3-4F45-81E1-57506D609011}
		{51ADCF4C-64A3-43D0-8D42-1D28826BF6DE} = {CAE8FBC9-BDC3-4F45-81E1-57506D609011}
		{F2E3D287-227B-40AA-8CE0-469AC9173B41} = {CAE8FBC9-BDC3-4F45-81E1-57506D609011}
		{8BDF17C3-3F2C-406A-8ABB-0A54FBD7E8F7} = {CAE8FBC9-BDC3-4F45-81E1-57506D609011}
		{133582D7-87DA-497B-9E59-77DC92E60D5F} = {CAE8FBC9-BDC3-4F45-81E1-57506D609011}
		{14624DC8-2E21-4163-A238-12D01CA09843} = {CAE8FBC9-BDC3-4F45-81E1-57506D609011}
	EndGlobalSection
	GlobalSection(ExtensibilityGlobals) = postSolution
		SolutionGuid = {036D5D82-DDA4-4600-B190-739D512F1062}
	EndGlobalSection
EndGlobal
